
Microsoft Visual Studio Solution File, Format Version 12.00
Project("{FAE04EC0-301F-11D3-BF4B-00C04F79EFBC}") = "GriniClean.App", "GriniClean.App\GriniClean.App.csproj", "{C441C4BF-9E70-4599-88D5-164E33832033}"
EndProject
Project("{FAE04EC0-301F-11D3-BF4B-00C04F79EFBC}") = "GriniClean.Core", "GriniClean.Core\GriniClean.Core.csproj", "{62325C9B-1FB9-41EF-9888-20AC73EC1AEA}"
EndProject
Project("{FAE04EC0-301F-11D3-BF4B-00C04F79EFBC}") = "GriniClean.Infrastructure", "GriniClean.Infrastructure\GriniClean.Infrastructure.csproj", "{A25CBF13-B41C-4128-BE42-42B87D6F2DDD}"
EndProject
Project("{FAE04EC0-301F-11D3-BF4B-00C04F79EFBC}") = "GriniClean.Modules.Cache", "GriniClean.Modules.Cache\GriniClean.Modules.Cache.csproj", "{5D701828-8EC8-4AA6-BE6F-3ED53C5DB0E4}"
EndProject
Project("{FAE04EC0-301F-11D3-BF4B-00C04F79EFBC}") = "GriniClean.Modules.Security", "GriniClean.Modules.Security\GriniClean.Modules.Security.csproj", "{B075A2A5-69FB-4A1A-BCF6-8D5E6541F380}"
EndProject
Global
	GlobalSection(SolutionConfigurationPlatforms) = preSolution
		Debug|Any CPU = Debug|Any CPU
		Release|Any CPU = Release|Any CPU
	EndGlobalSection
	GlobalSection(ProjectConfigurationPlatforms) = postSolution
		{C441C4BF-9E70-4599-88D5-164E33832033}.Debug|Any CPU.ActiveCfg = Debug|Any CPU
		{C441C4BF-9E70-4599-88D5-164E33832033}.Debug|Any CPU.Build.0 = Debug|Any CPU
		{C441C4BF-9E70-4599-88D5-164E33832033}.Release|Any CPU.ActiveCfg = Release|Any CPU
		{C441C4BF-9E70-4599-88D5-164E33832033}.Release|Any CPU.Build.0 = Release|Any CPU
		{62325C9B-1FB9-41EF-9888-20AC73EC1AEA}.Debug|Any CPU.ActiveCfg = Debug|Any CPU
		{62325C9B-1FB9-41EF-9888-20AC73EC1AEA}.Debug|Any CPU.Build.0 = Debug|Any CPU
		{62325C9B-1FB9-41EF-9888-20AC73EC1AEA}.Release|Any CPU.ActiveCfg = Release|Any CPU
		{62325C9B-1FB9-41EF-9888-20AC73EC1AEA}.Release|Any CPU.Build.0 = Release|Any CPU
		{A25CBF13-B41C-4128-BE42-42B87D6F2DDD}.Debug|Any CPU.ActiveCfg = Debug|Any CPU
		{A25CBF13-B41C-4128-BE42-42B87D6F2DDD}.Debug|Any CPU.Build.0 = Debug|Any CPU
		{A25CBF13-B41C-4128-BE42-42B87D6F2DDD}.Release|Any CPU.ActiveCfg = Release|Any CPU
		{A25CBF13-B41C-4128-BE42-42B87D6F2DDD}.Release|Any CPU.Build.0 = Release|Any CPU
		{5D701828-8EC8-4AA6-BE6F-3ED53C5DB0E4}.Debug|Any CPU.ActiveCfg = Debug|Any CPU
		{5D701828-8EC8-4AA6-BE6F-3ED53C5DB0E4}.Debug|Any CPU.Build.0 = Debug|Any CPU
		{5D701828-8EC8-4AA6-BE6F-3ED53C5DB0E4}.Release|Any CPU.ActiveCfg = Release|Any CPU
		{5D701828-8EC8-4AA6-BE6F-3ED53C5DB0E4}.Release|Any CPU.Build.0 = Release|Any CPU
		{B075A2A5-69FB-4A1A-BCF6-8D5E6541F380}.Debug|Any CPU.ActiveCfg = Debug|Any CPU
		{B075A2A5-69FB-4A1A-BCF6-8D5E6541F380}.Debug|Any CPU.Build.0 = Debug|Any CPU
		{B075A2A5-69FB-4A1A-BCF6-8D5E6541F380}.Release|Any CPU.ActiveCfg = Release|Any CPU
		{B075A2A5-69FB-4A1A-BCF6-8D5E6541F380}.Release|Any CPU.Build.0 = Release|Any CPU
	EndGlobalSection
EndGlobal
